
Microsoft Visual Studio Solution File, Format Version 12.00
# Visual Studio Version 17
VisualStudioVersion = 17.1.32210.238
MinimumVisualStudioVersion = 10.0.40219.1
Project("{2150E333-8FDC-42A3-9474-1A3956D46DE8}") = "Services", "Services", "{E17A3BB8-F011-4294-BE31-9A8D8A84AC05}"
EndProject
Project("{2150E333-8FDC-42A3-9474-1A3956D46DE8}") = "Catalog", "Catalog", "{9CF8D2E7-62DA-4351-BF39-904F45EA436E}"
EndProject
Project("{9A19103F-16F7-4668-BE54-9A1E7A4F7556}") = "Catalog.API", "Services\Catalog\Catalog.API\Catalog.API.csproj", "{AD35B10D-7628-4A10-BBC0-7FBC69B3D3F6}"
EndProject
Project("{E53339B2-1760-4266-BCC7-CA923CBCF16C}") = "docker-compose", "docker-compose.dcproj", "{0BE5BD30-4CF6-4F7C-9C55-8575ECD5A1FA}"
EndProject
Project("{2150E333-8FDC-42A3-9474-1A3956D46DE8}") = "Basket", "Basket", "{1E62EA96-B1F4-48BC-AA1A-8A71CD9A7FD2}"
EndProject
Project("{9A19103F-16F7-4668-BE54-9A1E7A4F7556}") = "Basket.API", "Services\Basket\Basket.API\Basket.API.csproj", "{3BF517FE-5B6F-41FA-953D-45507CF913D1}"
EndProject
Project("{2150E333-8FDC-42A3-9474-1A3956D46DE8}") = "Discount", "Discount", "{418514B1-2E04-43E8-B338-E3BCD2967C5D}"
EndProject
Project("{9A19103F-16F7-4668-BE54-9A1E7A4F7556}") = "DisCount.API", "Services\Discount\DisCount.API\DisCount.API.csproj", "{6344A1C3-7AD6-4A62-842C-CA8491524149}"
EndProject
Project("{9A19103F-16F7-4668-BE54-9A1E7A4F7556}") = "Discount.Grpc", "Services\Discount\Discount.Grpc\Discount.Grpc.csproj", "{232A44D2-59DE-48AD-BDDF-995E1724270B}"
EndProject
Project("{2150E333-8FDC-42A3-9474-1A3956D46DE8}") = "Ordering", "Ordering", "{8A495F56-57ED-4A51-845B-6D1763B2FF6C}"
EndProject
Project("{9A19103F-16F7-4668-BE54-9A1E7A4F7556}") = "Ordering.API", "Services\Ordering\Ordering.API\Ordering.API.csproj", "{C04B9E7B-784E-4A19-8E38-FEB9037E44F9}"
EndProject
Project("{9A19103F-16F7-4668-BE54-9A1E7A4F7556}") = "Ordering.Domain", "Services\Ordering\Ordering.Domain\Ordering.Domain.csproj", "{6BAC7DDE-C006-4A1D-A204-087405C72E80}"
EndProject
Project("{9A19103F-16F7-4668-BE54-9A1E7A4F7556}") = "Ordering.Application", "Services\Ordering\Ordering.Application\Ordering.Application.csproj", "{9F9C7301-3163-4DDD-8165-F0791094DDCE}"
EndProject
Project("{9A19103F-16F7-4668-BE54-9A1E7A4F7556}") = "Ordering.Infrastructure", "Services\Ordering\Ordering.Infrastructure\Ordering.Infrastructure.csproj", "{4F961A7F-E1A0-4412-B006-5B3A16A68848}"
EndProject
Project("{2150E333-8FDC-42A3-9474-1A3956D46DE8}") = "BuildingBlocks", "BuildingBlocks", "{4F350A86-BE62-48D6-BCF5-93141FB5EC7B}"
EndProject
Project("{9A19103F-16F7-4668-BE54-9A1E7A4F7556}") = "EventBus.Messages", "BuildingBlocks\EventBus.Messages\EventBus.Messages.csproj", "{2CD195EA-2F4B-4F4E-A6E2-82BD9B5DBB87}"
EndProject
Project("{2150E333-8FDC-42A3-9474-1A3956D46DE8}") = "APIGateways", "APIGateways", "{B8EDAB86-A4D6-4993-9B77-367BCCF42144}"
EndProject
Project("{FAE04EC0-301F-11D3-BF4B-00C04F79EFBC}") = "OcelotApiGw", "APIGateways\OcelotApiGw\OcelotApiGw.csproj", "{8EF51583-3B29-4D3A-B1E7-C97F2C62FAB2}"
EndProject
Global
	GlobalSection(SolutionConfigurationPlatforms) = preSolution
		Debug|Any CPU = Debug|Any CPU
		Release|Any CPU = Release|Any CPU
	EndGlobalSection
	GlobalSection(ProjectConfigurationPlatforms) = postSolution
		{AD35B10D-7628-4A10-BBC0-7FBC69B3D3F6}.Debug|Any CPU.ActiveCfg = Debug|Any CPU
		{AD35B10D-7628-4A10-BBC0-7FBC69B3D3F6}.Debug|Any CPU.Build.0 = Debug|Any CPU
		{AD35B10D-7628-4A10-BBC0-7FBC69B3D3F6}.Release|Any CPU.ActiveCfg = Release|Any CPU
		{AD35B10D-7628-4A10-BBC0-7FBC69B3D3F6}.Release|Any CPU.Build.0 = Release|Any CPU
		{0BE5BD30-4CF6-4F7C-9C55-8575ECD5A1FA}.Debug|Any CPU.ActiveCfg = Debug|Any CPU
		{0BE5BD30-4CF6-4F7C-9C55-8575ECD5A1FA}.Debug|Any CPU.Build.0 = Debug|Any CPU
		{0BE5BD30-4CF6-4F7C-9C55-8575ECD5A1FA}.Release|Any CPU.ActiveCfg = Release|Any CPU
		{0BE5BD30-4CF6-4F7C-9C55-8575ECD5A1FA}.Release|Any CPU.Build.0 = Release|Any CPU
		{3BF517FE-5B6F-41FA-953D-45507CF913D1}.Debug|Any CPU.ActiveCfg = Debug|Any CPU
		{3BF517FE-5B6F-41FA-953D-45507CF913D1}.Debug|Any CPU.Build.0 = Debug|Any CPU
		{3BF517FE-5B6F-41FA-953D-45507CF913D1}.Release|Any CPU.ActiveCfg = Release|Any CPU
		{3BF517FE-5B6F-41FA-953D-45507CF913D1}.Release|Any CPU.Build.0 = Release|Any CPU
		{6344A1C3-7AD6-4A62-842C-CA8491524149}.Debug|Any CPU.ActiveCfg = Debug|Any CPU
		{6344A1C3-7AD6-4A62-842C-CA8491524149}.Debug|Any CPU.Build.0 = Debug|Any CPU
		{6344A1C3-7AD6-4A62-842C-CA8491524149}.Release|Any CPU.ActiveCfg = Release|Any CPU
		{6344A1C3-7AD6-4A62-842C-CA8491524149}.Release|Any CPU.Build.0 = Release|Any CPU
		{232A44D2-59DE-48AD-BDDF-995E1724270B}.Debug|Any CPU.ActiveCfg = Debug|Any CPU
		{232A44D2-59DE-48AD-BDDF-995E1724270B}.Debug|Any CPU.Build.0 = Debug|Any CPU
		{232A44D2-59DE-48AD-BDDF-995E1724270B}.Release|Any CPU.ActiveCfg = Release|Any CPU
		{232A44D2-59DE-48AD-BDDF-995E1724270B}.Release|Any CPU.Build.0 = Release|Any CPU
		{C04B9E7B-784E-4A19-8E38-FEB9037E44F9}.Debug|Any CPU.ActiveCfg = Debug|Any CPU
		{C04B9E7B-784E-4A19-8E38-FEB9037E44F9}.Debug|Any CPU.Build.0 = Debug|Any CPU
		{C04B9E7B-784E-4A19-8E38-FEB9037E44F9}.Release|Any CPU.ActiveCfg = Release|Any CPU
		{C04B9E7B-784E-4A19-8E38-FEB9037E44F9}.Release|Any CPU.Build.0 = Release|Any CPU
		{6BAC7DDE-C006-4A1D-A204-087405C72E80}.Debug|Any CPU.ActiveCfg = Debug|Any CPU
		{6BAC7DDE-C006-4A1D-A204-087405C72E80}.Debug|Any CPU.Build.0 = Debug|Any CPU
		{6BAC7DDE-C006-4A1D-A204-087405C72E80}.Release|Any CPU.ActiveCfg = Release|Any CPU
		{6BAC7DDE-C006-4A1D-A204-087405C72E80}.Release|Any CPU.Build.0 = Release|Any CPU
		{9F9C7301-3163-4DDD-8165-F0791094DDCE}.Debug|Any CPU.ActiveCfg = Debug|Any CPU
		{9F9C7301-3163-4DDD-8165-F0791094DDCE}.Debug|Any CPU.Build.0 = Debug|Any CPU
		{9F9C7301-3163-4DDD-8165-F0791094DDCE}.Release|Any CPU.ActiveCfg = Release|Any CPU
		{9F9C7301-3163-4DDD-8165-F0791094DDCE}.Release|Any CPU.Build.0 = Release|Any CPU
		{4F961A7F-E1A0-4412-B006-5B3A16A68848}.Debug|Any CPU.ActiveCfg = Debug|Any CPU
		{4F961A7F-E1A0-4412-B006-5B3A16A68848}.Debug|Any CPU.Build.0 = Debug|Any CPU
		{4F961A7F-E1A0-4412-B006-5B3A16A68848}.Release|Any CPU.ActiveCfg = Release|Any CPU
		{4F961A7F-E1A0-4412-B006-5B3A16A68848}.Release|Any CPU.Build.0 = Release|Any CPU
		{2CD195EA-2F4B-4F4E-A6E2-82BD9B5DBB87}.Debug|Any CPU.ActiveCfg = Debug|Any CPU
		{2CD195EA-2F4B-4F4E-A6E2-82BD9B5DBB87}.Debug|Any CPU.Build.0 = Debug|Any CPU
		{2CD195EA-2F4B-4F4E-A6E2-82BD9B5DBB87}.Release|Any CPU.ActiveCfg = Release|Any CPU
		{2CD195EA-2F4B-4F4E-A6E2-82BD9B5DBB87}.Release|Any CPU.Build.0 = Release|Any CPU
		{8EF51583-3B29-4D3A-B1E7-C97F2C62FAB2}.Debug|Any CPU.ActiveCfg = Debug|Any CPU
		{8EF51583-3B29-4D3A-B1E7-C97F2C62FAB2}.Debug|Any CPU.Build.0 = Debug|Any CPU
		{8EF51583-3B29-4D3A-B1E7-C97F2C62FAB2}.Release|Any CPU.ActiveCfg = Release|Any CPU
		{8EF51583-3B29-4D3A-B1E7-C97F2C62FAB2}.Release|Any CPU.Build.0 = Release|Any CPU
	EndGlobalSection
	GlobalSection(SolutionProperties) = preSolution
		HideSolutionNode = FALSE
	EndGlobalSection
	GlobalSection(NestedProjects) = preSolution
		{9CF8D2E7-62DA-4351-BF39-904F45EA436E} = {E17A3BB8-F011-4294-BE31-9A8D8A84AC05}
		{AD35B10D-7628-4A10-BBC0-7FBC69B3D3F6} = {9CF8D2E7-62DA-4351-BF39-904F45EA436E}
		{1E62EA96-B1F4-48BC-AA1A-8A71CD9A7FD2} = {E17A3BB8-F011-4294-BE31-9A8D8A84AC05}
		{3BF517FE-5B6F-41FA-953D-45507CF913D1} = {1E62EA96-B1F4-48BC-AA1A-8A71CD9A7FD2}
		{418514B1-2E04-43E8-B338-E3BCD2967C5D} = {E17A3BB8-F011-4294-BE31-9A8D8A84AC05}
		{6344A1C3-7AD6-4A62-842C-CA8491524149} = {418514B1-2E04-43E8-B338-E3BCD2967C5D}
		{232A44D2-59DE-48AD-BDDF-995E1724270B} = {418514B1-2E04-43E8-B338-E3BCD2967C5D}
		{8A495F56-57ED-4A51-845B-6D1763B2FF6C} = {E17A3BB8-F011-4294-BE31-9A8D8A84AC05}
		{C04B9E7B-784E-4A19-8E38-FEB9037E44F9} = {8A495F56-57ED-4A51-845B-6D1763B2FF6C}
		{6BAC7DDE-C006-4A1D-A204-087405C72E80} = {8A495F56-57ED-4A51-845B-6D1763B2FF6C}
		{9F9C7301-3163-4DDD-8165-F0791094DDCE} = {8A495F56-57ED-4A51-845B-6D1763B2FF6C}
		{4F961A7F-E1A0-4412-B006-5B3A16A68848} = {8A495F56-57ED-4A51-845B-6D1763B2FF6C}
		{2CD195EA-2F4B-4F4E-A6E2-82BD9B5DBB87} = {4F350A86-BE62-48D6-BCF5-93141FB5EC7B}
		{8EF51583-3B29-4D3A-B1E7-C97F2C62FAB2} = {B8EDAB86-A4D6-4993-9B77-367BCCF42144}
	EndGlobalSection
	GlobalSection(ExtensibilityGlobals) = postSolution
		SolutionGuid = {4F4D091E-D216-454C-A4E0-EC6A088F78C9}
	EndGlobalSection
EndGlobal
